
Microsoft Visual Studio Solution File, Format Version 12.00
# Visual Studio Version 17
VisualStudioVersion = 17.2.32630.192
MinimumVisualStudioVersion = 10.0.40219.1
Project("{FAE04EC0-301F-11D3-BF4B-00C04F79EFBC}") = "EaDumper", "EaDumper\EaDumper.csproj", "{19FF8740-7089-41DE-9351-F7A41BE5C6E0}"
EndProject
Global
	GlobalSection(SolutionConfigurationPlatforms) = preSolution
		Debug|Any CPU = Debug|Any CPU
		Release|Any CPU = Release|Any CPU
	EndGlobalSection
	GlobalSection(ProjectConfigurationPlatforms) = postSolution
		{19FF8740-7089-41DE-9351-F7A41BE5C6E0}.Debug|Any CPU.ActiveCfg = Debug|Any CPU
		{19FF8740-7089-41DE-9351-F7A41BE5C6E0}.Debug|Any CPU.Build.0 = Debug|Any CPU
		{19FF8740-7089-41DE-9351-F7A41BE5C6E0}.Release|Any CPU.ActiveCfg = Release|Any CPU
		{19FF8740-7089-41DE-9351-F7A41BE5C6E0}.Release|Any CPU.Build.0 = Release|Any CPU
	EndGlobalSection
	GlobalSection(SolutionProperties) = preSolution
		HideSolutionNode = FALSE
	EndGlobalSection
	GlobalSection(ExtensibilityGlobals) = postSolution
		SolutionGuid = {423F91EA-A7D4-40BA-9EE6-956988545330}
	EndGlobalSection
EndGlobal
