
Microsoft Visual Studio Solution File, Format Version 12.00
# Visual Studio Version 17
VisualStudioVersion = 17.4.33213.308
MinimumVisualStudioVersion = 10.0.40219.1
Project("{FAE04EC0-301F-11D3-BF4B-00C04F79EFBC}") = "ShellcodeReflectiveInjector", "ShellcodeReflectiveInjector\ShellcodeReflectiveInjector.csproj", "{1E79920C-B32A-44E2-9075-ADB506AAF91D}"
EndProject
Project("{8BC9CEB8-8B4A-11D0-8D11-00A0C91BC942}") = "TestLib", "TestLib\TestLib.vcxproj", "{8BF2BDD6-54A8-44D8-BC41-16FFD01E9ADF}"
EndProject
Project("{8BC9CEB8-8B4A-11D0-8D11-00A0C91BC942}") = "ReflectiveLoader", "ReflectiveLoader\ReflectiveLoader.vcxproj", "{D608DB76-7057-4ADF-80CA-4854613A4D3C}"
EndProject
Global
	GlobalSection(SolutionConfigurationPlatforms) = preSolution
		Debug|Any CPU = Debug|Any CPU
		Debug|x64 = Debug|x64
		Debug|x86 = Debug|x86
		Release|Any CPU = Release|Any CPU
		Release|x64 = Release|x64
		Release|x86 = Release|x86
	EndGlobalSection
	GlobalSection(ProjectConfigurationPlatforms) = postSolution
		{1E79920C-B32A-44E2-9075-ADB506AAF91D}.Debug|Any CPU.ActiveCfg = Debug|Any CPU
		{1E79920C-B32A-44E2-9075-ADB506AAF91D}.Debug|Any CPU.Build.0 = Debug|Any CPU
		{1E79920C-B32A-44E2-9075-ADB506AAF91D}.Debug|x64.ActiveCfg = Debug|Any CPU
		{1E79920C-B32A-44E2-9075-ADB506AAF91D}.Debug|x64.Build.0 = Debug|Any CPU
		{1E79920C-B32A-44E2-9075-ADB506AAF91D}.Debug|x86.ActiveCfg = Debug|Any CPU
		{1E79920C-B32A-44E2-9075-ADB506AAF91D}.Debug|x86.Build.0 = Debug|Any CPU
		{1E79920C-B32A-44E2-9075-ADB506AAF91D}.Release|Any CPU.ActiveCfg = Release|Any CPU
		{1E79920C-B32A-44E2-9075-ADB506AAF91D}.Release|Any CPU.Build.0 = Release|Any CPU
		{1E79920C-B32A-44E2-9075-ADB506AAF91D}.Release|x64.ActiveCfg = Release|Any CPU
		{1E79920C-B32A-44E2-9075-ADB506AAF91D}.Release|x64.Build.0 = Release|Any CPU
		{1E79920C-B32A-44E2-9075-ADB506AAF91D}.Release|x86.ActiveCfg = Release|Any CPU
		{1E79920C-B32A-44E2-9075-ADB506AAF91D}.Release|x86.Build.0 = Release|Any CPU
		{8BF2BDD6-54A8-44D8-BC41-16FFD01E9ADF}.Debug|Any CPU.ActiveCfg = Debug|x64
		{8BF2BDD6-54A8-44D8-BC41-16FFD01E9ADF}.Debug|Any CPU.Build.0 = Debug|x64
		{8BF2BDD6-54A8-44D8-BC41-16FFD01E9ADF}.Debug|x64.ActiveCfg = Debug|x64
		{8BF2BDD6-54A8-44D8-BC41-16FFD01E9ADF}.Debug|x64.Build.0 = Debug|x64
		{8BF2BDD6-54A8-44D8-BC41-16FFD01E9ADF}.Debug|x86.ActiveCfg = Debug|Win32
		{8BF2BDD6-54A8-44D8-BC41-16FFD01E9ADF}.Debug|x86.Build.0 = Debug|Win32
		{8BF2BDD6-54A8-44D8-BC41-16FFD01E9ADF}.Release|Any CPU.ActiveCfg = Release|x64
		{8BF2BDD6-54A8-44D8-BC41-16FFD01E9ADF}.Release|Any CPU.Build.0 = Release|x64
		{8BF2BDD6-54A8-44D8-BC41-16FFD01E9ADF}.Release|x64.ActiveCfg = Release|x64
		{8BF2BDD6-54A8-44D8-BC41-16FFD01E9ADF}.Release|x64.Build.0 = Release|x64
		{8BF2BDD6-54A8-44D8-BC41-16FFD01E9ADF}.Release|x86.ActiveCfg = Release|Win32
		{8BF2BDD6-54A8-44D8-BC41-16FFD01E9ADF}.Release|x86.Build.0 = Release|Win32
		{D608DB76-7057-4ADF-80CA-4854613A4D3C}.Debug|Any CPU.ActiveCfg = Release|x64
		{D608DB76-7057-4ADF-80CA-4854613A4D3C}.Debug|Any CPU.Build.0 = Release|x64
		{D608DB76-7057-4ADF-80CA-4854613A4D3C}.Debug|x64.ActiveCfg = Release|x64
		{D608DB76-7057-4ADF-80CA-4854613A4D3C}.Debug|x64.Build.0 = Release|x64
		{D608DB76-7057-4ADF-80CA-4854613A4D3C}.Debug|x86.ActiveCfg = Release|Win32
		{D608DB76-7057-4ADF-80CA-4854613A4D3C}.Debug|x86.Build.0 = Release|Win32
		{D608DB76-7057-4ADF-80CA-4854613A4D3C}.Release|Any CPU.ActiveCfg = Release|x64
		{D608DB76-7057-4ADF-80CA-4854613A4D3C}.Release|Any CPU.Build.0 = Release|x64
		{D608DB76-7057-4ADF-80CA-4854613A4D3C}.Release|x64.ActiveCfg = Release|x64
		{D608DB76-7057-4ADF-80CA-4854613A4D3C}.Release|x64.Build.0 = Release|x64
		{D608DB76-7057-4ADF-80CA-4854613A4D3C}.Release|x86.ActiveCfg = Release|Win32
		{D608DB76-7057-4ADF-80CA-4854613A4D3C}.Release|x86.Build.0 = Release|Win32
	EndGlobalSection
	GlobalSection(SolutionProperties) = preSolution
		HideSolutionNode = FALSE
	EndGlobalSection
	GlobalSection(ExtensibilityGlobals) = postSolution
		SolutionGuid = {DC96B4D2-589A-4EAF-8791-6C8B5A5484FC}
	EndGlobalSection
EndGlobal
