
Microsoft Visual Studio Solution File, Format Version 12.00
# Visual Studio Version 17
VisualStudioVersion = 17.2.32630.192
MinimumVisualStudioVersion = 10.0.40219.1
Project("{FAE04EC0-301F-11D3-BF4B-00C04F79EFBC}") = "GhostlyHollowing", "GhostlyHollowing\GhostlyHollowing.csproj", "{39400D55-CAD3-4A4E-B2DD-3E7A6F798A71}"
EndProject
Global
	GlobalSection(SolutionConfigurationPlatforms) = preSolution
		Debug|Any CPU = Debug|Any CPU
		Release|Any CPU = Release|Any CPU
	EndGlobalSection
	GlobalSection(ProjectConfigurationPlatforms) = postSolution
		{39400D55-CAD3-4A4E-B2DD-3E7A6F798A71}.Debug|Any CPU.ActiveCfg = Debug|Any CPU
		{39400D55-CAD3-4A4E-B2DD-3E7A6F798A71}.Debug|Any CPU.Build.0 = Debug|Any CPU
		{39400D55-CAD3-4A4E-B2DD-3E7A6F798A71}.Release|Any CPU.ActiveCfg = Release|Any CPU
		{39400D55-CAD3-4A4E-B2DD-3E7A6F798A71}.Release|Any CPU.Build.0 = Release|Any CPU
	EndGlobalSection
	GlobalSection(SolutionProperties) = preSolution
		HideSolutionNode = FALSE
	EndGlobalSection
	GlobalSection(ExtensibilityGlobals) = postSolution
		SolutionGuid = {3C9A3C44-F989-4940-A52D-0D38DACDF786}
	EndGlobalSection
EndGlobal
