
Microsoft Visual Studio Solution File, Format Version 12.00
# Visual Studio Version 17
VisualStudioVersion = 17.2.32630.192
MinimumVisualStudioVersion = 10.0.40219.1
Project("{FAE04EC0-301F-11D3-BF4B-00C04F79EFBC}") = "ReflectiveInjector", "ReflectiveInjector\ReflectiveInjector.csproj", "{1FDE7162-B1EB-4319-8EC5-2FC5E88B2E99}"
EndProject
Project("{8BC9CEB8-8B4A-11D0-8D11-00A0C91BC942}") = "ReflectiveLib", "ReflectiveLib\ReflectiveLib.vcxproj", "{1FB073C5-0833-43C8-844B-42C1544CDDD3}"
EndProject
Global
	GlobalSection(SolutionConfigurationPlatforms) = preSolution
		Debug|Any CPU = Debug|Any CPU
		Debug|x64 = Debug|x64
		Debug|x86 = Debug|x86
		Release|Any CPU = Release|Any CPU
		Release|x64 = Release|x64
		Release|x86 = Release|x86
	EndGlobalSection
	GlobalSection(ProjectConfigurationPlatforms) = postSolution
		{1FDE7162-B1EB-4319-8EC5-2FC5E88B2E99}.Debug|Any CPU.ActiveCfg = Debug|Any CPU
		{1FDE7162-B1EB-4319-8EC5-2FC5E88B2E99}.Debug|Any CPU.Build.0 = Debug|Any CPU
		{1FDE7162-B1EB-4319-8EC5-2FC5E88B2E99}.Debug|x64.ActiveCfg = Debug|Any CPU
		{1FDE7162-B1EB-4319-8EC5-2FC5E88B2E99}.Debug|x64.Build.0 = Debug|Any CPU
		{1FDE7162-B1EB-4319-8EC5-2FC5E88B2E99}.Debug|x86.ActiveCfg = Debug|Any CPU
		{1FDE7162-B1EB-4319-8EC5-2FC5E88B2E99}.Debug|x86.Build.0 = Debug|Any CPU
		{1FDE7162-B1EB-4319-8EC5-2FC5E88B2E99}.Release|Any CPU.ActiveCfg = Release|Any CPU
		{1FDE7162-B1EB-4319-8EC5-2FC5E88B2E99}.Release|Any CPU.Build.0 = Release|Any CPU
		{1FDE7162-B1EB-4319-8EC5-2FC5E88B2E99}.Release|x64.ActiveCfg = Release|Any CPU
		{1FDE7162-B1EB-4319-8EC5-2FC5E88B2E99}.Release|x64.Build.0 = Release|Any CPU
		{1FDE7162-B1EB-4319-8EC5-2FC5E88B2E99}.Release|x86.ActiveCfg = Release|Any CPU
		{1FDE7162-B1EB-4319-8EC5-2FC5E88B2E99}.Release|x86.Build.0 = Release|Any CPU
		{1FB073C5-0833-43C8-844B-42C1544CDDD3}.Debug|Any CPU.ActiveCfg = Debug|x64
		{1FB073C5-0833-43C8-844B-42C1544CDDD3}.Debug|Any CPU.Build.0 = Debug|x64
		{1FB073C5-0833-43C8-844B-42C1544CDDD3}.Debug|x64.ActiveCfg = Debug|x64
		{1FB073C5-0833-43C8-844B-42C1544CDDD3}.Debug|x64.Build.0 = Debug|x64
		{1FB073C5-0833-43C8-844B-42C1544CDDD3}.Debug|x86.ActiveCfg = Debug|Win32
		{1FB073C5-0833-43C8-844B-42C1544CDDD3}.Debug|x86.Build.0 = Debug|Win32
		{1FB073C5-0833-43C8-844B-42C1544CDDD3}.Release|Any CPU.ActiveCfg = Release|x64
		{1FB073C5-0833-43C8-844B-42C1544CDDD3}.Release|Any CPU.Build.0 = Release|x64
		{1FB073C5-0833-43C8-844B-42C1544CDDD3}.Release|x64.ActiveCfg = Release|x64
		{1FB073C5-0833-43C8-844B-42C1544CDDD3}.Release|x64.Build.0 = Release|x64
		{1FB073C5-0833-43C8-844B-42C1544CDDD3}.Release|x86.ActiveCfg = Release|Win32
		{1FB073C5-0833-43C8-844B-42C1544CDDD3}.Release|x86.Build.0 = Release|Win32
	EndGlobalSection
	GlobalSection(SolutionProperties) = preSolution
		HideSolutionNode = FALSE
	EndGlobalSection
	GlobalSection(ExtensibilityGlobals) = postSolution
		SolutionGuid = {3AA587CE-04DB-4EA2-AA51-9C7CE2EDAE33}
	EndGlobalSection
EndGlobal
