
Microsoft Visual Studio Solution File, Format Version 12.00
# Visual Studio Version 17
VisualStudioVersion = 17.4.33213.308
MinimumVisualStudioVersion = 10.0.40219.1
Project("{FAE04EC0-301F-11D3-BF4B-00C04F79EFBC}") = "HashResolveTester", "HashResolveTester\HashResolveTester.csproj", "{198EFB3B-C48F-4245-B475-B8CF2B1A1A5B}"
EndProject
Global
	GlobalSection(SolutionConfigurationPlatforms) = preSolution
		Debug|Any CPU = Debug|Any CPU
		Release|Any CPU = Release|Any CPU
	EndGlobalSection
	GlobalSection(ProjectConfigurationPlatforms) = postSolution
		{198EFB3B-C48F-4245-B475-B8CF2B1A1A5B}.Debug|Any CPU.ActiveCfg = Debug|Any CPU
		{198EFB3B-C48F-4245-B475-B8CF2B1A1A5B}.Debug|Any CPU.Build.0 = Debug|Any CPU
		{198EFB3B-C48F-4245-B475-B8CF2B1A1A5B}.Release|Any CPU.ActiveCfg = Release|Any CPU
		{198EFB3B-C48F-4245-B475-B8CF2B1A1A5B}.Release|Any CPU.Build.0 = Release|Any CPU
	EndGlobalSection
	GlobalSection(SolutionProperties) = preSolution
		HideSolutionNode = FALSE
	EndGlobalSection
	GlobalSection(ExtensibilityGlobals) = postSolution
		SolutionGuid = {1499B3C7-A17C-4F08-92BF-38FEBD9A117B}
	EndGlobalSection
EndGlobal
