
Microsoft Visual Studio Solution File, Format Version 12.00
# Visual Studio Version 17
VisualStudioVersion = 17.14.36811.4 d17.14
MinimumVisualStudioVersion = 10.0.40219.1
Project("{FAE04EC0-301F-11D3-BF4B-00C04F79EFBC}") = "GetEPROCESSBase", "GetEPROCESSBase\GetEPROCESSBase.csproj", "{A2B9B366-124C-47F1-829F-BBA0158C68FB}"
EndProject
Global
	GlobalSection(SolutionConfigurationPlatforms) = preSolution
		Debug|Any CPU = Debug|Any CPU
		Release|Any CPU = Release|Any CPU
	EndGlobalSection
	GlobalSection(ProjectConfigurationPlatforms) = postSolution
		{A2B9B366-124C-47F1-829F-BBA0158C68FB}.Debug|Any CPU.ActiveCfg = Debug|Any CPU
		{A2B9B366-124C-47F1-829F-BBA0158C68FB}.Debug|Any CPU.Build.0 = Debug|Any CPU
		{A2B9B366-124C-47F1-829F-BBA0158C68FB}.Release|Any CPU.ActiveCfg = Release|Any CPU
		{A2B9B366-124C-47F1-829F-BBA0158C68FB}.Release|Any CPU.Build.0 = Release|Any CPU
	EndGlobalSection
	GlobalSection(SolutionProperties) = preSolution
		HideSolutionNode = FALSE
	EndGlobalSection
	GlobalSection(ExtensibilityGlobals) = postSolution
		SolutionGuid = {39138445-8C16-4D79-86B8-9867CF3CFEF0}
	EndGlobalSection
EndGlobal
