
Microsoft Visual Studio Solution File, Format Version 12.00
# Visual Studio Version 17
VisualStudioVersion = 17.4.33213.308
MinimumVisualStudioVersion = 10.0.40219.1
Project("{FAE04EC0-301F-11D3-BF4B-00C04F79EFBC}") = "HandleScanner", "HandleScanner\HandleScanner.csproj", "{D5F4900A-70E6-4A2C-88E5-5527124767F5}"
EndProject
Global
	GlobalSection(SolutionConfigurationPlatforms) = preSolution
		Debug|Any CPU = Debug|Any CPU
		Release|Any CPU = Release|Any CPU
	EndGlobalSection
	GlobalSection(ProjectConfigurationPlatforms) = postSolution
		{D5F4900A-70E6-4A2C-88E5-5527124767F5}.Debug|Any CPU.ActiveCfg = Debug|Any CPU
		{D5F4900A-70E6-4A2C-88E5-5527124767F5}.Debug|Any CPU.Build.0 = Debug|Any CPU
		{D5F4900A-70E6-4A2C-88E5-5527124767F5}.Release|Any CPU.ActiveCfg = Release|Any CPU
		{D5F4900A-70E6-4A2C-88E5-5527124767F5}.Release|Any CPU.Build.0 = Release|Any CPU
	EndGlobalSection
	GlobalSection(SolutionProperties) = preSolution
		HideSolutionNode = FALSE
	EndGlobalSection
	GlobalSection(ExtensibilityGlobals) = postSolution
		SolutionGuid = {2D480D43-26C7-4B02-9E93-1881C2D9FD67}
	EndGlobalSection
EndGlobal
