
Microsoft Visual Studio Solution File, Format Version 12.00
# Visual Studio Version 17
VisualStudioVersion = 17.2.32630.192
MinimumVisualStudioVersion = 10.0.40219.1
Project("{FAE04EC0-301F-11D3-BF4B-00C04F79EFBC}") = "ProcessDoppelgaenging", "ProcessDoppelgaenging\ProcessDoppelgaenging.csproj", "{64322ABD-1D22-4802-9010-59E4818C2B10}"
EndProject
Global
	GlobalSection(SolutionConfigurationPlatforms) = preSolution
		Debug|Any CPU = Debug|Any CPU
		Release|Any CPU = Release|Any CPU
	EndGlobalSection
	GlobalSection(ProjectConfigurationPlatforms) = postSolution
		{64322ABD-1D22-4802-9010-59E4818C2B10}.Debug|Any CPU.ActiveCfg = Debug|Any CPU
		{64322ABD-1D22-4802-9010-59E4818C2B10}.Debug|Any CPU.Build.0 = Debug|Any CPU
		{64322ABD-1D22-4802-9010-59E4818C2B10}.Release|Any CPU.ActiveCfg = Release|Any CPU
		{64322ABD-1D22-4802-9010-59E4818C2B10}.Release|Any CPU.Build.0 = Release|Any CPU
	EndGlobalSection
	GlobalSection(SolutionProperties) = preSolution
		HideSolutionNode = FALSE
	EndGlobalSection
	GlobalSection(ExtensibilityGlobals) = postSolution
		SolutionGuid = {EB3D59D0-CB6B-4420-9DBE-1733632D6C45}
	EndGlobalSection
EndGlobal
