
Microsoft Visual Studio Solution File, Format Version 12.00
# Visual Studio Version 17
VisualStudioVersion = 17.4.33213.308
MinimumVisualStudioVersion = 10.0.40219.1
Project("{FAE04EC0-301F-11D3-BF4B-00C04F79EFBC}") = "RemoteForking", "RemoteForking\RemoteForking.csproj", "{1CB274F6-A923-4364-8013-B66361E3D4D6}"
EndProject
Project("{FAE04EC0-301F-11D3-BF4B-00C04F79EFBC}") = "SnapshotDump", "SnapshotDump\SnapshotDump.csproj", "{F322B5BD-8A85-436A-A804-464A6A685C4D}"
EndProject
Global
	GlobalSection(SolutionConfigurationPlatforms) = preSolution
		Debug|Any CPU = Debug|Any CPU
		Release|Any CPU = Release|Any CPU
	EndGlobalSection
	GlobalSection(ProjectConfigurationPlatforms) = postSolution
		{1CB274F6-A923-4364-8013-B66361E3D4D6}.Debug|Any CPU.ActiveCfg = Debug|Any CPU
		{1CB274F6-A923-4364-8013-B66361E3D4D6}.Debug|Any CPU.Build.0 = Debug|Any CPU
		{1CB274F6-A923-4364-8013-B66361E3D4D6}.Release|Any CPU.ActiveCfg = Release|Any CPU
		{1CB274F6-A923-4364-8013-B66361E3D4D6}.Release|Any CPU.Build.0 = Release|Any CPU
		{F322B5BD-8A85-436A-A804-464A6A685C4D}.Debug|Any CPU.ActiveCfg = Debug|Any CPU
		{F322B5BD-8A85-436A-A804-464A6A685C4D}.Debug|Any CPU.Build.0 = Debug|Any CPU
		{F322B5BD-8A85-436A-A804-464A6A685C4D}.Release|Any CPU.ActiveCfg = Release|Any CPU
		{F322B5BD-8A85-436A-A804-464A6A685C4D}.Release|Any CPU.Build.0 = Release|Any CPU
	EndGlobalSection
	GlobalSection(SolutionProperties) = preSolution
		HideSolutionNode = FALSE
	EndGlobalSection
	GlobalSection(ExtensibilityGlobals) = postSolution
		SolutionGuid = {2984FE4E-A7B9-4E23-972E-9BA4B79D76CA}
	EndGlobalSection
EndGlobal
