
Microsoft Visual Studio Solution File, Format Version 12.00
# Visual Studio Version 17
VisualStudioVersion = 17.2.32630.192
MinimumVisualStudioVersion = 10.0.40219.1
Project("{FAE04EC0-301F-11D3-BF4B-00C04F79EFBC}") = "PhantomDllHollower", "PhantomDllHollower\PhantomDllHollower.csproj", "{5981CE1B-7FA2-41C3-A783-1A7E49D660FA}"
EndProject
Global
	GlobalSection(SolutionConfigurationPlatforms) = preSolution
		Debug|Any CPU = Debug|Any CPU
		Release|Any CPU = Release|Any CPU
	EndGlobalSection
	GlobalSection(ProjectConfigurationPlatforms) = postSolution
		{5981CE1B-7FA2-41C3-A783-1A7E49D660FA}.Debug|Any CPU.ActiveCfg = Debug|Any CPU
		{5981CE1B-7FA2-41C3-A783-1A7E49D660FA}.Debug|Any CPU.Build.0 = Debug|Any CPU
		{5981CE1B-7FA2-41C3-A783-1A7E49D660FA}.Release|Any CPU.ActiveCfg = Release|Any CPU
		{5981CE1B-7FA2-41C3-A783-1A7E49D660FA}.Release|Any CPU.Build.0 = Release|Any CPU
	EndGlobalSection
	GlobalSection(SolutionProperties) = preSolution
		HideSolutionNode = FALSE
	EndGlobalSection
	GlobalSection(ExtensibilityGlobals) = postSolution
		SolutionGuid = {65072613-F237-4D1B-A6EB-E4B63DC10E20}
	EndGlobalSection
EndGlobal
