
Microsoft Visual Studio Solution File, Format Version 12.00
# Visual Studio Version 17
VisualStudioVersion = 17.14.36811.4 d17.14
MinimumVisualStudioVersion = 10.0.40219.1
Project("{FAE04EC0-301F-11D3-BF4B-00C04F79EFBC}") = "GetEPROCESSBaseCmdlet", "GetEPROCESSBaseCmdlet\GetEPROCESSBaseCmdlet.csproj", "{650826AC-0E7B-483D-B3A5-B210265F6CBB}"
EndProject
Global
	GlobalSection(SolutionConfigurationPlatforms) = preSolution
		Debug|Any CPU = Debug|Any CPU
		Release|Any CPU = Release|Any CPU
	EndGlobalSection
	GlobalSection(ProjectConfigurationPlatforms) = postSolution
		{650826AC-0E7B-483D-B3A5-B210265F6CBB}.Debug|Any CPU.ActiveCfg = Debug|Any CPU
		{650826AC-0E7B-483D-B3A5-B210265F6CBB}.Debug|Any CPU.Build.0 = Debug|Any CPU
		{650826AC-0E7B-483D-B3A5-B210265F6CBB}.Release|Any CPU.ActiveCfg = Release|Any CPU
		{650826AC-0E7B-483D-B3A5-B210265F6CBB}.Release|Any CPU.Build.0 = Release|Any CPU
	EndGlobalSection
	GlobalSection(SolutionProperties) = preSolution
		HideSolutionNode = FALSE
	EndGlobalSection
	GlobalSection(ExtensibilityGlobals) = postSolution
		SolutionGuid = {3CD3FCF4-8EEC-4143-8E17-8716A8568507}
	EndGlobalSection
EndGlobal
