
Microsoft Visual Studio Solution File, Format Version 12.00
# Visual Studio Version 17
VisualStudioVersion = 17.4.33213.308
MinimumVisualStudioVersion = 10.0.40219.1
Project("{FAE04EC0-301F-11D3-BF4B-00C04F79EFBC}") = "PeRipper", "PeRipper\PeRipper.csproj", "{D22A848C-C04E-427D-8521-1F2A3568380D}"
EndProject
Global
	GlobalSection(SolutionConfigurationPlatforms) = preSolution
		Debug|Any CPU = Debug|Any CPU
		Release|Any CPU = Release|Any CPU
	EndGlobalSection
	GlobalSection(ProjectConfigurationPlatforms) = postSolution
		{D22A848C-C04E-427D-8521-1F2A3568380D}.Debug|Any CPU.ActiveCfg = Debug|Any CPU
		{D22A848C-C04E-427D-8521-1F2A3568380D}.Debug|Any CPU.Build.0 = Debug|Any CPU
		{D22A848C-C04E-427D-8521-1F2A3568380D}.Release|Any CPU.ActiveCfg = Release|Any CPU
		{D22A848C-C04E-427D-8521-1F2A3568380D}.Release|Any CPU.Build.0 = Release|Any CPU
	EndGlobalSection
	GlobalSection(SolutionProperties) = preSolution
		HideSolutionNode = FALSE
	EndGlobalSection
	GlobalSection(ExtensibilityGlobals) = postSolution
		SolutionGuid = {29C512C8-10A3-4B28-A6D7-CA5F51B92D5B}
	EndGlobalSection
EndGlobal
